Microsoft Visual Studio Solution File, Format Version 11.00
# Visual Studio 2008

Project("{C8FD0EC5-5B45-8413-7659-0CFAD0D28790}") = "2DSideScrollingRPG", "Assembly-CSharp.csproj", "{15E91284-63FE-0B55-D7C8-C922634877C5}"
EndProject
Global
	GlobalSection(SolutionConfigurationPlatforms) = preSolution
		Debug|Any CPU = Debug|Any CPU
		Release|Any CPU = Release|Any CPU
	EndGlobalSection
	GlobalSection(ProjectConfigurationPlatforms) = postSolution
		{15E91284-63FE-0B55-D7C8-C922634877C5}.Debug|Any CPU.ActiveCfg = Debug|Any CPU
		{15E91284-63FE-0B55-D7C8-C922634877C5}.Debug|Any CPU.Build.0 = Debug|Any CPU
		{15E91284-63FE-0B55-D7C8-C922634877C5}.Release|Any CPU.ActiveCfg = Release|Any CPU
		{15E91284-63FE-0B55-D7C8-C922634877C5}.Release|Any CPU.Build.0 = Release|Any CPU
	EndGlobalSection
	GlobalSection(SolutionProperties) = preSolution
		HideSolutionNode = FALSE
	EndGlobalSection
	GlobalSection(MonoDevelopProperties) = preSolution
		StartupItem = Assembly-CSharp.csproj
	EndGlobalSection
EndGlobal
